
Microsoft Visual Studio Solution File, Format Version 12.00
# Visual Studio 2012
# Ranorex Studio 9.0
VisualStudioVersion = 12.0.20827.3
MinimumVisualStudioVersion = 10.0.40219.1
Project("{FAE04EC0-301F-11D3-BF4B-00C04F79EFBC}") = "MyTest3", "MyTest3\MyTest3.csproj", "{DD179244-B284-4851-BDFC-5159ABC55E73}"
EndProject
Project("{2150E333-8FDC-42A3-9474-1A3956D46DE8}") = "Solution Items", "Solution Items", "{D41784B6-725D-41F7-8DB2-CCBDC912ED49}"
	ProjectSection(SolutionItems) = postProject
		Ranorex = .\Ranorex.rxsettings
	EndProjectSection
EndProject
Global
	GlobalSection(SolutionConfigurationPlatforms) = preSolution
		Debug|x86 = Debug|x86
		Release|x86 = Release|x86
	EndGlobalSection
	GlobalSection(ProjectConfigurationPlatforms) = postSolution
		{DD179244-B284-4851-BDFC-5159ABC55E73}.Debug|x86.Build.0 = Debug|x86
		{DD179244-B284-4851-BDFC-5159ABC55E73}.Debug|x86.ActiveCfg = Debug|x86
		{DD179244-B284-4851-BDFC-5159ABC55E73}.Release|x86.Build.0 = Release|x86
		{DD179244-B284-4851-BDFC-5159ABC55E73}.Release|x86.ActiveCfg = Release|x86
	EndGlobalSection
EndGlobal
